
Microsoft Visual Studio Solution File, Format Version 12.00
# Visual Studio 15
VisualStudioVersion = 15.0.28307.852
MinimumVisualStudioVersion = 10.0.40219.1
Project("{FAE04EC0-301F-11D3-BF4B-00C04F79EFBC}") = "ExpositorDeImagenes", "ExpositorDeImagenes\ExpositorDeImagenes.csproj", "{54568C3E-E0A0-4413-849A-E3AE95F041E7}"
EndProject
Project("{FAE04EC0-301F-11D3-BF4B-00C04F79EFBC}") = "TestExpositor", "TestExpositor\TestExpositor.csproj", "{67778F36-F8EB-47C1-A69D-84A39BD88864}"
EndProject
Global
	GlobalSection(SolutionConfigurationPlatforms) = preSolution
		Debug|Any CPU = Debug|Any CPU
		Release|Any CPU = Release|Any CPU
	EndGlobalSection
	GlobalSection(ProjectConfigurationPlatforms) = postSolution
		{54568C3E-E0A0-4413-849A-E3AE95F041E7}.Debug|Any CPU.ActiveCfg = Debug|Any CPU
		{54568C3E-E0A0-4413-849A-E3AE95F041E7}.Debug|Any CPU.Build.0 = Debug|Any CPU
		{54568C3E-E0A0-4413-849A-E3AE95F041E7}.Release|Any CPU.ActiveCfg = Release|Any CPU
		{54568C3E-E0A0-4413-849A-E3AE95F041E7}.Release|Any CPU.Build.0 = Release|Any CPU
		{67778F36-F8EB-47C1-A69D-84A39BD88864}.Debug|Any CPU.ActiveCfg = Debug|Any CPU
		{67778F36-F8EB-47C1-A69D-84A39BD88864}.Debug|Any CPU.Build.0 = Debug|Any CPU
		{67778F36-F8EB-47C1-A69D-84A39BD88864}.Release|Any CPU.ActiveCfg = Release|Any CPU
	EndGlobalSection
	GlobalSection(SolutionProperties) = preSolution
		HideSolutionNode = FALSE
	EndGlobalSection
	GlobalSection(ExtensibilityGlobals) = postSolution
		SolutionGuid = {45D66425-CE52-4476-9C01-923C1D188965}
	EndGlobalSection
EndGlobal
